
Microsoft Visual Studio Solution File, Format Version 12.00
# Visual Studio Version 17
VisualStudioVersion = 17.0.31903.59
MinimumVisualStudioVersion = 10.0.40219.1
Project("{FAE04EC0-301F-11D3-BF4B-00C04F79EFBC}") = "dotnetapp", "dotnetapp.csproj", "{421622B0-5217-46D9-BCF7-612CB5350D40}"
EndProject
Project("{FAE04EC0-301F-11D3-BF4B-00C04F79EFBC}") = "TestProject", "TestProject\TestProject.csproj", "{08D12982-7855-4800-83A9-DDE780FD9404}"
EndProject
Global
	GlobalSection(SolutionConfigurationPlatforms) = preSolution
		Debug|Any CPU = Debug|Any CPU
		Release|Any CPU = Release|Any CPU
	EndGlobalSection
	GlobalSection(SolutionProperties) = preSolution
		HideSolutionNode = FALSE
	EndGlobalSection
	GlobalSection(ProjectConfigurationPlatforms) = postSolution
		{421622B0-5217-46D9-BCF7-612CB5350D40}.Debug|Any CPU.ActiveCfg = Debug|Any CPU
		{421622B0-5217-46D9-BCF7-612CB5350D40}.Debug|Any CPU.Build.0 = Debug|Any CPU
		{421622B0-5217-46D9-BCF7-612CB5350D40}.Release|Any CPU.ActiveCfg = Release|Any CPU
		{421622B0-5217-46D9-BCF7-612CB5350D40}.Release|Any CPU.Build.0 = Release|Any CPU
		{08D12982-7855-4800-83A9-DDE780FD9404}.Debug|Any CPU.ActiveCfg = Debug|Any CPU
		{08D12982-7855-4800-83A9-DDE780FD9404}.Debug|Any CPU.Build.0 = Debug|Any CPU
		{08D12982-7855-4800-83A9-DDE780FD9404}.Release|Any CPU.ActiveCfg = Release|Any CPU
		{08D12982-7855-4800-83A9-DDE780FD9404}.Release|Any CPU.Build.0 = Release|Any CPU
	EndGlobalSection
EndGlobal
